
Microsoft Visual Studio Solution File, Format Version 12.00
# Visual Studio Version 17
VisualStudioVersion = 17.14.37012.4 d17.14
MinimumVisualStudioVersion = 10.0.40219.1
Project("{FAE04EC0-301F-11D3-BF4B-00C04F79EFBC}") = "AdvancedAPIs", "AdvancedAPIs\AdvancedAPIs.csproj", "{34AC2AAE-8346-4AE6-AE79-83B1FFC0AE92}"
EndProject
Project("{FAE04EC0-301F-11D3-BF4B-00C04F79EFBC}") = "MagicSchoolApi", "MagicSchoolApi\MagicSchoolApi.csproj", "{596AEDA8-B177-45AC-9BBD-113EF73083B4}"
EndProject
Global
	GlobalSection(SolutionConfigurationPlatforms) = preSolution
		Debug|Any CPU = Debug|Any CPU
		Release|Any CPU = Release|Any CPU
	EndGlobalSection
	GlobalSection(ProjectConfigurationPlatforms) = postSolution
		{34AC2AAE-8346-4AE6-AE79-83B1FFC0AE92}.Debug|Any CPU.ActiveCfg = Debug|Any CPU
		{34AC2AAE-8346-4AE6-AE79-83B1FFC0AE92}.Debug|Any CPU.Build.0 = Debug|Any CPU
		{34AC2AAE-8346-4AE6-AE79-83B1FFC0AE92}.Release|Any CPU.ActiveCfg = Release|Any CPU
		{34AC2AAE-8346-4AE6-AE79-83B1FFC0AE92}.Release|Any CPU.Build.0 = Release|Any CPU
		{596AEDA8-B177-45AC-9BBD-113EF73083B4}.Debug|Any CPU.ActiveCfg = Debug|Any CPU
		{596AEDA8-B177-45AC-9BBD-113EF73083B4}.Debug|Any CPU.Build.0 = Debug|Any CPU
		{596AEDA8-B177-45AC-9BBD-113EF73083B4}.Release|Any CPU.ActiveCfg = Release|Any CPU
		{596AEDA8-B177-45AC-9BBD-113EF73083B4}.Release|Any CPU.Build.0 = Release|Any CPU
	EndGlobalSection
	GlobalSection(SolutionProperties) = preSolution
		HideSolutionNode = FALSE
	EndGlobalSection
	GlobalSection(ExtensibilityGlobals) = postSolution
		SolutionGuid = {EA165B60-674D-499B-BBD7-02FF4268CF4E}
	EndGlobalSection
EndGlobal
